
Microsoft Visual Studio Solution File, Format Version 12.00
# Visual Studio Version 16
VisualStudioVersion = 16.0.30225.117
MinimumVisualStudioVersion = 10.0.40219.1
Project("{9A19103F-16F7-4668-BE54-9A1E7A4F7556}") = "Authenticated", "Authenticated\Authenticated.csproj", "{ED853FB1-9859-4055-900A-9A306924C3C6}"
EndProject
Project("{9A19103F-16F7-4668-BE54-9A1E7A4F7556}") = "Models", "Models\Models.csproj", "{805721B3-3945-4ACF-B2D4-D5AD82F1B814}"
EndProject
Project("{FAE04EC0-301F-11D3-BF4B-00C04F79EFBC}") = "Unrestricted", "Unrestricted\Unrestricted.csproj", "{B12EF024-C8F3-414A-80ED-2C94DF53B022}"
EndProject
Global
	GlobalSection(SolutionConfigurationPlatforms) = preSolution
		Debug|Any CPU = Debug|Any CPU
		Release|Any CPU = Release|Any CPU
	EndGlobalSection
	GlobalSection(ProjectConfigurationPlatforms) = postSolution
		{ED853FB1-9859-4055-900A-9A306924C3C6}.Debug|Any CPU.ActiveCfg = Debug|Any CPU
		{ED853FB1-9859-4055-900A-9A306924C3C6}.Debug|Any CPU.Build.0 = Debug|Any CPU
		{ED853FB1-9859-4055-900A-9A306924C3C6}.Release|Any CPU.ActiveCfg = Release|Any CPU
		{ED853FB1-9859-4055-900A-9A306924C3C6}.Release|Any CPU.Build.0 = Release|Any CPU
		{805721B3-3945-4ACF-B2D4-D5AD82F1B814}.Debug|Any CPU.ActiveCfg = Debug|Any CPU
		{805721B3-3945-4ACF-B2D4-D5AD82F1B814}.Debug|Any CPU.Build.0 = Debug|Any CPU
		{805721B3-3945-4ACF-B2D4-D5AD82F1B814}.Release|Any CPU.ActiveCfg = Release|Any CPU
		{805721B3-3945-4ACF-B2D4-D5AD82F1B814}.Release|Any CPU.Build.0 = Release|Any CPU
		{B12EF024-C8F3-414A-80ED-2C94DF53B022}.Debug|Any CPU.ActiveCfg = Debug|Any CPU
		{B12EF024-C8F3-414A-80ED-2C94DF53B022}.Debug|Any CPU.Build.0 = Debug|Any CPU
		{B12EF024-C8F3-414A-80ED-2C94DF53B022}.Release|Any CPU.ActiveCfg = Release|Any CPU
		{B12EF024-C8F3-414A-80ED-2C94DF53B022}.Release|Any CPU.Build.0 = Release|Any CPU
	EndGlobalSection
	GlobalSection(SolutionProperties) = preSolution
		HideSolutionNode = FALSE
	EndGlobalSection
	GlobalSection(ExtensibilityGlobals) = postSolution
		SolutionGuid = {9A0FCBB2-51E6-4074-A72A-B6BDF325FC17}
	EndGlobalSection
EndGlobal
